
Microsoft Visual Studio Solution File, Format Version 12.00
# Visual Studio Version 16
VisualStudioVersion = 16.0.33214.272
MinimumVisualStudioVersion = 10.0.40219.1
Project("{8BC9CEB8-8B4A-11D0-8D11-00A0C91BC942}") = "2303_WINAPI", "2303_WINAPI\2302_WINAPI.vcxproj", "{760791E2-301F-470B-9634-F662542F2DD6}"
EndProject
Project("{8BC9CEB8-8B4A-11D0-8D11-00A0C91BC942}") = "Algorithm", "Algorithm\Algorithm.vcxproj", "{0E71504D-5E82-4FB0-81F7-FF8F870B8B57}"
EndProject
Global
	GlobalSection(SolutionConfigurationPlatforms) = preSolution
		Debug|x64 = Debug|x64
		Debug|x86 = Debug|x86
		Release|x64 = Release|x64
		Release|x86 = Release|x86
	EndGlobalSection
	GlobalSection(ProjectConfigurationPlatforms) = postSolution
		{760791E2-301F-470B-9634-F662542F2DD6}.Debug|x64.ActiveCfg = Debug|x64
		{760791E2-301F-470B-9634-F662542F2DD6}.Debug|x64.Build.0 = Debug|x64
		{760791E2-301F-470B-9634-F662542F2DD6}.Debug|x86.ActiveCfg = Debug|Win32
		{760791E2-301F-470B-9634-F662542F2DD6}.Debug|x86.Build.0 = Debug|Win32
		{760791E2-301F-470B-9634-F662542F2DD6}.Release|x64.ActiveCfg = Release|x64
		{760791E2-301F-470B-9634-F662542F2DD6}.Release|x64.Build.0 = Release|x64
		{760791E2-301F-470B-9634-F662542F2DD6}.Release|x86.ActiveCfg = Release|Win32
		{760791E2-301F-470B-9634-F662542F2DD6}.Release|x86.Build.0 = Release|Win32
		{0E71504D-5E82-4FB0-81F7-FF8F870B8B57}.Debug|x64.ActiveCfg = Debug|x64
		{0E71504D-5E82-4FB0-81F7-FF8F870B8B57}.Debug|x64.Build.0 = Debug|x64
		{0E71504D-5E82-4FB0-81F7-FF8F870B8B57}.Debug|x86.ActiveCfg = Debug|Win32
		{0E71504D-5E82-4FB0-81F7-FF8F870B8B57}.Debug|x86.Build.0 = Debug|Win32
		{0E71504D-5E82-4FB0-81F7-FF8F870B8B57}.Release|x64.ActiveCfg = Release|x64
		{0E71504D-5E82-4FB0-81F7-FF8F870B8B57}.Release|x64.Build.0 = Release|x64
		{0E71504D-5E82-4FB0-81F7-FF8F870B8B57}.Release|x86.ActiveCfg = Release|Win32
		{0E71504D-5E82-4FB0-81F7-FF8F870B8B57}.Release|x86.Build.0 = Release|Win32
	EndGlobalSection
	GlobalSection(SolutionProperties) = preSolution
		HideSolutionNode = FALSE
	EndGlobalSection
	GlobalSection(ExtensibilityGlobals) = postSolution
		SolutionGuid = {54CB42A9-D95D-4359-BEC1-74FD3FBB031C}
	EndGlobalSection
EndGlobal
